// !$*UTF8*$!
{
	archiveVersion = 1;
	classes = {
	};
	objectVersion = 50;
	objects = {

/* Begin PBXBuildFile section */
		D66ED6DD567CD90D0435F6FA /* Pods_Party_Organizer.framework in Frameworks */ = {isa = PBXBuildFile; fileRef = 9305A2DF8736029EE10DA04B /* Pods_Party_Organizer.framework */; };
		F51554432216090300515928 /* Party_Organizer.xcdatamodeld in Sources */ = {isa = PBXBuildFile; fileRef = F51554382216090300515928 /* Party_Organizer.xcdatamodeld */; };
		F51554442216090300515928 /* LaunchScreen.storyboard in Resources */ = {isa = PBXBuildFile; fileRef = F515543B2216090300515928 /* LaunchScreen.storyboard */; };
		F51554452216090300515928 /* Main.storyboard in Resources */ = {isa = PBXBuildFile; fileRef = F515543C2216090300515928 /* Main.storyboard */; };
		F51554462216090300515928 /* AppDelegate.swift in Sources */ = {isa = PBXBuildFile; fileRef = F515543E2216090300515928 /* AppDelegate.swift */; };
		F51554482216090300515928 /* Assets.xcassets in Resources */ = {isa = PBXBuildFile; fileRef = F51554422216090300515928 /* Assets.xcassets */; };
		F52666CF22179472007FDE7E /* PartyMembersTableViewCell.swift in Sources */ = {isa = PBXBuildFile; fileRef = F52666CD22179472007FDE7E /* PartyMembersTableViewCell.swift */; };
		F52666D022179472007FDE7E /* PartyMembersTableViewCell.xib in Resources */ = {isa = PBXBuildFile; fileRef = F52666CE22179472007FDE7E /* PartyMembersTableViewCell.xib */; };
		F52666D42217960B007FDE7E /* PartyDescriptionTableViewCell.swift in Sources */ = {isa = PBXBuildFile; fileRef = F52666D22217960B007FDE7E /* PartyDescriptionTableViewCell.swift */; };
		F52666D52217960B007FDE7E /* PartyDescriptionTableViewCell.xib in Resources */ = {isa = PBXBuildFile; fileRef = F52666D32217960B007FDE7E /* PartyDescriptionTableViewCell.xib */; };
		F52666E22217A373007FDE7E /* TextEditingProtocol.swift in Sources */ = {isa = PBXBuildFile; fileRef = F52666E12217A373007FDE7E /* TextEditingProtocol.swift */; };
		F535F9482217078E00594EA9 /* UIImageView+Extension.swift in Sources */ = {isa = PBXBuildFile; fileRef = F535F9472217078E00594EA9 /* UIImageView+Extension.swift */; };
		F535F94C22170DF300594EA9 /* ProfileViewController.swift in Sources */ = {isa = PBXBuildFile; fileRef = F535F94B22170DF300594EA9 /* ProfileViewController.swift */; };
		F535F94E221710FB00594EA9 /* MemberViewModel.swift in Sources */ = {isa = PBXBuildFile; fileRef = F535F94D221710FB00594EA9 /* MemberViewModel.swift */; };
		F535F95022173AE900594EA9 /* AddMemberToPartyTableViewController.swift in Sources */ = {isa = PBXBuildFile; fileRef = F535F94F22173AE900594EA9 /* AddMemberToPartyTableViewController.swift */; };
		F535F9542217486800594EA9 /* PartyTableViewCell.swift in Sources */ = {isa = PBXBuildFile; fileRef = F535F9522217486800594EA9 /* PartyTableViewCell.swift */; };
		F535F9552217486800594EA9 /* PartyTableViewCell.xib in Resources */ = {isa = PBXBuildFile; fileRef = F535F9532217486800594EA9 /* PartyTableViewCell.xib */; };
		F535F95722176B5400594EA9 /* PartiesViewModel.swift in Sources */ = {isa = PBXBuildFile; fileRef = F535F95622176B5400594EA9 /* PartiesViewModel.swift */; };
		F535F95A221779CE00594EA9 /* PartyTableViewController.swift in Sources */ = {isa = PBXBuildFile; fileRef = F535F959221779CE00594EA9 /* PartyTableViewController.swift */; };
		F535F95D22177CF700594EA9 /* PartyInfoTableViewCell.swift in Sources */ = {isa = PBXBuildFile; fileRef = F535F95B22177CF700594EA9 /* PartyInfoTableViewCell.swift */; };
		F535F95E22177CF700594EA9 /* PartyInfoTableViewCell.xib in Resources */ = {isa = PBXBuildFile; fileRef = F535F95C22177CF700594EA9 /* PartyInfoTableViewCell.xib */; };
		F535F96222178D6500594EA9 /* POTableViewController.swift in Sources */ = {isa = PBXBuildFile; fileRef = F535F96122178D6500594EA9 /* POTableViewController.swift */; };
		F535F96622178E6D00594EA9 /* UIViewController+Extension.swift in Sources */ = {isa = PBXBuildFile; fileRef = F535F96522178E6D00594EA9 /* UIViewController+Extension.swift */; };
		F56803EE22160DC400CA3A1B /* NetworkManager.swift in Sources */ = {isa = PBXBuildFile; fileRef = F56803ED22160DC400CA3A1B /* NetworkManager.swift */; };
		F56803F122160EA400CA3A1B /* CustomTypes.swift in Sources */ = {isa = PBXBuildFile; fileRef = F56803F022160EA400CA3A1B /* CustomTypes.swift */; };
		F56803F422160F5C00CA3A1B /* MembersViewModel.swift in Sources */ = {isa = PBXBuildFile; fileRef = F56803F322160F5C00CA3A1B /* MembersViewModel.swift */; };
		F56803F722160F7800CA3A1B /* Member.swift in Sources */ = {isa = PBXBuildFile; fileRef = F56803F622160F7800CA3A1B /* Member.swift */; };
		F56803F922160F8000CA3A1B /* Party.swift in Sources */ = {isa = PBXBuildFile; fileRef = F56803F822160F8000CA3A1B /* Party.swift */; };
		F56803FB221610B800CA3A1B /* Server.swift in Sources */ = {isa = PBXBuildFile; fileRef = F56803FA221610B800CA3A1B /* Server.swift */; };
		F56803FF2216111A00CA3A1B /* BackendManager.swift in Sources */ = {isa = PBXBuildFile; fileRef = F56803FE2216111A00CA3A1B /* BackendManager.swift */; };
		F56804092216148300CA3A1B /* CoreDataManager.swift in Sources */ = {isa = PBXBuildFile; fileRef = F56804082216148300CA3A1B /* CoreDataManager.swift */; };
		F56E8FC322163CBC0008ED75 /* PartiesTableViewController.swift in Sources */ = {isa = PBXBuildFile; fileRef = F56E8FC222163CBC0008ED75 /* PartiesTableViewController.swift */; };
		F56E8FC522163D6C0008ED75 /* MembersTableViewController.swift in Sources */ = {isa = PBXBuildFile; fileRef = F56E8FC422163D6C0008ED75 /* MembersTableViewController.swift */; };
		F56E8FC822163E810008ED75 /* UITableView+Extension.swift in Sources */ = {isa = PBXBuildFile; fileRef = F56E8FC722163E810008ED75 /* UITableView+Extension.swift */; };
		F56E8FCA22163E990008ED75 /* UIView+Extension.swift in Sources */ = {isa = PBXBuildFile; fileRef = F56E8FC922163E990008ED75 /* UIView+Extension.swift */; };
		F56E8FCD22163FAD0008ED75 /* MemberTableViewCell.swift in Sources */ = {isa = PBXBuildFile; fileRef = F56E8FCB22163FAD0008ED75 /* MemberTableViewCell.swift */; };
		F56E8FCE22163FAD0008ED75 /* MemberTableViewCell.xib in Resources */ = {isa = PBXBuildFile; fileRef = F56E8FCC22163FAD0008ED75 /* MemberTableViewCell.xib */; };
/* End PBXBuildFile section */

/* Begin PBXFileReference section */
		12BA55A3A5A17052520BD795 /* Pods-Party Organizer.debug.xcconfig */ = {isa = PBXFileReference; includeInIndex = 1; lastKnownFileType = text.xcconfig; name = "Pods-Party Organizer.debug.xcconfig"; path = "Target Support Files/Pods-Party Organizer/Pods-Party Organizer.debug.xcconfig"; sourceTree = "<group>"; };
		431E3CE7D17942BA63D626ED /* Pods-Party Organizer.release.xcconfig */ = {isa = PBXFileReference; includeInIndex = 1; lastKnownFileType = text.xcconfig; name = "Pods-Party Organizer.release.xcconfig"; path = "Target Support Files/Pods-Party Organizer/Pods-Party Organizer.release.xcconfig"; sourceTree = "<group>"; };
		9305A2DF8736029EE10DA04B /* Pods_Party_Organizer.framework */ = {isa = PBXFileReference; explicitFileType = wrapper.framework; includeInIndex = 0; path = Pods_Party_Organizer.framework; sourceTree = BUILT_PRODUCTS_DIR; };
		F515541D2215F4F300515928 /* Party Organizer.app */ = {isa = PBXFileReference; explicitFileType = wrapper.application; includeInIndex = 0; path = "Party Organizer.app"; sourceTree = BUILT_PRODUCTS_DIR; };
		F51554392216090300515928 /* Party_Organizer.xcdatamodel */ = {isa = PBXFileReference; lastKnownFileType = wrapper.xcdatamodel; path = Party_Organizer.xcdatamodel; sourceTree = "<group>"; };
		F515543B2216090300515928 /* LaunchScreen.storyboard */ = {isa = PBXFileReference; fileEncoding = 4; lastKnownFileType = file.storyboard; path = LaunchScreen.storyboard; sourceTree = "<group>"; };
		F515543C2216090300515928 /* Main.storyboard */ = {isa = PBXFileReference; fileEncoding = 4; lastKnownFileType = file.storyboard; path = Main.storyboard; sourceTree = "<group>"; };
		F515543E2216090300515928 /* AppDelegate.swift */ = {isa = PBXFileReference; fileEncoding = 4; lastKnownFileType = sourcecode.swift; path = AppDelegate.swift; sourceTree = "<group>"; };
		F51554402216090300515928 /* Info.plist */ = {isa = PBXFileReference; fileEncoding = 4; lastKnownFileType = text.plist.xml; path = Info.plist; sourceTree = "<group>"; };
		F51554422216090300515928 /* Assets.xcassets */ = {isa = PBXFileReference; lastKnownFileType = folder.assetcatalog; path = Assets.xcassets; sourceTree = "<group>"; };
		F52666CD22179472007FDE7E /* PartyMembersTableViewCell.swift */ = {isa = PBXFileReference; lastKnownFileType = sourcecode.swift; path = PartyMembersTableViewCell.swift; sourceTree = "<group>"; };
		F52666CE22179472007FDE7E /* PartyMembersTableViewCell.xib */ = {isa = PBXFileReference; lastKnownFileType = file.xib; path = PartyMembersTableViewCell.xib; sourceTree = "<group>"; };
		F52666D22217960B007FDE7E /* PartyDescriptionTableViewCell.swift */ = {isa = PBXFileReference; lastKnownFileType = sourcecode.swift; path = PartyDescriptionTableViewCell.swift; sourceTree = "<group>"; };
		F52666D32217960B007FDE7E /* PartyDescriptionTableViewCell.xib */ = {isa = PBXFileReference; lastKnownFileType = file.xib; path = PartyDescriptionTableViewCell.xib; sourceTree = "<group>"; };
		F52666E12217A373007FDE7E /* TextEditingProtocol.swift */ = {isa = PBXFileReference; lastKnownFileType = sourcecode.swift; path = TextEditingProtocol.swift; sourceTree = "<group>"; };
		F535F9472217078E00594EA9 /* UIImageView+Extension.swift */ = {isa = PBXFileReference; lastKnownFileType = sourcecode.swift; path = "UIImageView+Extension.swift"; sourceTree = "<group>"; };
		F535F94B22170DF300594EA9 /* ProfileViewController.swift */ = {isa = PBXFileReference; lastKnownFileType = sourcecode.swift; path = ProfileViewController.swift; sourceTree = "<group>"; };
		F535F94D221710FB00594EA9 /* MemberViewModel.swift */ = {isa = PBXFileReference; lastKnownFileType = sourcecode.swift; path = MemberViewModel.swift; sourceTree = "<group>"; };
		F535F94F22173AE900594EA9 /* AddMemberToPartyTableViewController.swift */ = {isa = PBXFileReference; lastKnownFileType = sourcecode.swift; path = AddMemberToPartyTableViewController.swift; sourceTree = "<group>"; };
		F535F9522217486800594EA9 /* PartyTableViewCell.swift */ = {isa = PBXFileReference; lastKnownFileType = sourcecode.swift; path = PartyTableViewCell.swift; sourceTree = "<group>"; };
		F535F9532217486800594EA9 /* PartyTableViewCell.xib */ = {isa = PBXFileReference; lastKnownFileType = file.xib; path = PartyTableViewCell.xib; sourceTree = "<group>"; };
		F535F95622176B5400594EA9 /* PartiesViewModel.swift */ = {isa = PBXFileReference; lastKnownFileType = sourcecode.swift; path = PartiesViewModel.swift; sourceTree = "<group>"; };
		F535F959221779CE00594EA9 /* PartyTableViewController.swift */ = {isa = PBXFileReference; lastKnownFileType = sourcecode.swift; path = PartyTableViewController.swift; sourceTree = "<group>"; };
		F535F95B22177CF700594EA9 /* PartyInfoTableViewCell.swift */ = {isa = PBXFileReference; lastKnownFileType = sourcecode.swift; path = PartyInfoTableViewCell.swift; sourceTree = "<group>"; };
		F535F95C22177CF700594EA9 /* PartyInfoTableViewCell.xib */ = {isa = PBXFileReference; lastKnownFileType = file.xib; path = PartyInfoTableViewCell.xib; sourceTree = "<group>"; };
		F535F96122178D6500594EA9 /* POTableViewController.swift */ = {isa = PBXFileReference; lastKnownFileType = sourcecode.swift; path = POTableViewController.swift; sourceTree = "<group>"; };
		F535F96522178E6D00594EA9 /* UIViewController+Extension.swift */ = {isa = PBXFileReference; lastKnownFileType = sourcecode.swift; path = "UIViewController+Extension.swift"; sourceTree = "<group>"; };
		F56803ED22160DC400CA3A1B /* NetworkManager.swift */ = {isa = PBXFileReference; lastKnownFileType = sourcecode.swift; path = NetworkManager.swift; sourceTree = "<group>"; };
		F56803F022160EA400CA3A1B /* CustomTypes.swift */ = {isa = PBXFileReference; lastKnownFileType = sourcecode.swift; path = CustomTypes.swift; sourceTree = "<group>"; };
		F56803F322160F5C00CA3A1B /* MembersViewModel.swift */ = {isa = PBXFileReference; lastKnownFileType = sourcecode.swift; path = MembersViewModel.swift; sourceTree = "<group>"; };
		F56803F622160F7800CA3A1B /* Member.swift */ = {isa = PBXFileReference; lastKnownFileType = sourcecode.swift; path = Member.swift; sourceTree = "<group>"; };
		F56803F822160F8000CA3A1B /* Party.swift */ = {isa = PBXFileReference; lastKnownFileType = sourcecode.swift; path = Party.swift; sourceTree = "<group>"; };
		F56803FA221610B800CA3A1B /* Server.swift */ = {isa = PBXFileReference; lastKnownFileType = sourcecode.swift; path = Server.swift; sourceTree = "<group>"; };
		F56803FE2216111A00CA3A1B /* BackendManager.swift */ = {isa = PBXFileReference; lastKnownFileType = sourcecode.swift; path = BackendManager.swift; sourceTree = "<group>"; };
		F56804082216148300CA3A1B /* CoreDataManager.swift */ = {isa = PBXFileReference; lastKnownFileType = sourcecode.swift; path = CoreDataManager.swift; sourceTree = "<group>"; };
		F56E8FC222163CBC0008ED75 /* PartiesTableViewController.swift */ = {isa = PBXFileReference; lastKnownFileType = sourcecode.swift; path = PartiesTableViewController.swift; sourceTree = "<group>"; };
		F56E8FC422163D6C0008ED75 /* MembersTableViewController.swift */ = {isa = PBXFileReference; lastKnownFileType = sourcecode.swift; path = MembersTableViewController.swift; sourceTree = "<group>"; };
		F56E8FC722163E810008ED75 /* UITableView+Extension.swift */ = {isa = PBXFileReference; lastKnownFileType = sourcecode.swift; path = "UITableView+Extension.swift"; sourceTree = "<group>"; };
		F56E8FC922163E990008ED75 /* UIView+Extension.swift */ = {isa = PBXFileReference; lastKnownFileType = sourcecode.swift; path = "UIView+Extension.swift"; sourceTree = "<group>"; };
		F56E8FCB22163FAD0008ED75 /* MemberTableViewCell.swift */ = {isa = PBXFileReference; lastKnownFileType = sourcecode.swift; path = MemberTableViewCell.swift; sourceTree = "<group>"; };
		F56E8FCC22163FAD0008ED75 /* MemberTableViewCell.xib */ = {isa = PBXFileReference; lastKnownFileType = file.xib; path = MemberTableViewCell.xib; sourceTree = "<group>"; };
/* End PBXFileReference section */

/* Begin PBXFrameworksBuildPhase section */
		F515541A2215F4F300515928 /* Frameworks */ = {
			isa = PBXFrameworksBuildPhase;
			buildActionMask = 2147483647;
			files = (
				D66ED6DD567CD90D0435F6FA /* Pods_Party_Organizer.framework in Frameworks */,
			);
			runOnlyForDeploymentPostprocessing = 0;
		};
/* End PBXFrameworksBuildPhase section */

/* Begin PBXGroup section */
		2613943ACCA2F3AEFA869EC9 /* Frameworks */ = {
			isa = PBXGroup;
			children = (
				9305A2DF8736029EE10DA04B /* Pods_Party_Organizer.framework */,
			);
			name = Frameworks;
			sourceTree = "<group>";
		};
		C8DA3E311161412BCD972457 /* Pods */ = {
			isa = PBXGroup;
			children = (
				12BA55A3A5A17052520BD795 /* Pods-Party Organizer.debug.xcconfig */,
				431E3CE7D17942BA63D626ED /* Pods-Party Organizer.release.xcconfig */,
			);
			path = Pods;
			sourceTree = "<group>";
		};
		F51554142215F4F300515928 = {
			isa = PBXGroup;
			children = (
				F515541F2215F4F300515928 /* Party Organizer */,
				F515541E2215F4F300515928 /* Products */,
				C8DA3E311161412BCD972457 /* Pods */,
				2613943ACCA2F3AEFA869EC9 /* Frameworks */,
			);
			sourceTree = "<group>";
		};
		F515541E2215F4F300515928 /* Products */ = {
			isa = PBXGroup;
			children = (
				F515541D2215F4F300515928 /* Party Organizer.app */,
			);
			name = Products;
			sourceTree = "<group>";
		};
		F515541F2215F4F300515928 /* Party Organizer */ = {
			isa = PBXGroup;
			children = (
				F515543D2216090300515928 /* AppManager */,
				F51554352216090300515928 /* MVVM */,
				F515543F2216090300515928 /* Config */,
				F51554412216090300515928 /* Resources */,
				F56803EB22160DA400CA3A1B /* Utilities */,
			);
			path = "Party Organizer";
			sourceTree = "<group>";
		};
		F51554352216090300515928 /* MVVM */ = {
			isa = PBXGroup;
			children = (
				F51554362216090300515928 /* Model */,
				F56803F222160F4700CA3A1B /* ViewModel */,
				F515543A2216090300515928 /* View */,
			);
			path = MVVM;
			sourceTree = "<group>";
		};
		F51554362216090300515928 /* Model */ = {
			isa = PBXGroup;
			children = (
				F56803FC221610FB00CA3A1B /* DataManager */,
				F56803F522160F6800CA3A1B /* Entities */,
				F51554372216090300515928 /* CoreDataModel */,
			);
			path = Model;
			sourceTree = "<group>";
		};
		F51554372216090300515928 /* CoreDataModel */ = {
			isa = PBXGroup;
			children = (
				F51554382216090300515928 /* Party_Organizer.xcdatamodeld */,
			);
			path = CoreDataModel;
			sourceTree = "<group>";
		};
		F515543A2216090300515928 /* View */ = {
			isa = PBXGroup;
			children = (
				F515543B2216090300515928 /* LaunchScreen.storyboard */,
				F515543C2216090300515928 /* Main.storyboard */,
				F56E8FD122163FD70008ED75 /* Parties */,
				F535F9582217717800594EA9 /* Party */,
				F56E8FD022163FCA0008ED75 /* Members */,
				F535F94A22170DB600594EA9 /* Member */,
			);
			path = View;
			sourceTree = "<group>";
		};
		F515543D2216090300515928 /* AppManager */ = {
			isa = PBXGroup;
			children = (
				F515543E2216090300515928 /* AppDelegate.swift */,
			);
			path = AppManager;
			sourceTree = "<group>";
		};
		F515543F2216090300515928 /* Config */ = {
			isa = PBXGroup;
			children = (
				F51554402216090300515928 /* Info.plist */,
				F56803FA221610B800CA3A1B /* Server.swift */,
			);
			path = Config;
			sourceTree = "<group>";
		};
		F51554412216090300515928 /* Resources */ = {
			isa = PBXGroup;
			children = (
				F51554422216090300515928 /* Assets.xcassets */,
			);
			path = Resources;
			sourceTree = "<group>";
		};
		F52666D122179475007FDE7E /* PartyMembersTableViewCell */ = {
			isa = PBXGroup;
			children = (
				F52666CD22179472007FDE7E /* PartyMembersTableViewCell.swift */,
				F52666CE22179472007FDE7E /* PartyMembersTableViewCell.xib */,
			);
			path = PartyMembersTableViewCell;
			sourceTree = "<group>";
		};
		F52666D622179660007FDE7E /* PartyDescriptionTableViewCell */ = {
			isa = PBXGroup;
			children = (
				F52666D22217960B007FDE7E /* PartyDescriptionTableViewCell.swift */,
				F52666D32217960B007FDE7E /* PartyDescriptionTableViewCell.xib */,
			);
			path = PartyDescriptionTableViewCell;
			sourceTree = "<group>";
		};
		F52666E02217A365007FDE7E /* Protocols */ = {
			isa = PBXGroup;
			children = (
				F52666E12217A373007FDE7E /* TextEditingProtocol.swift */,
			);
			path = Protocols;
			sourceTree = "<group>";
		};
		F535F94A22170DB600594EA9 /* Member */ = {
			isa = PBXGroup;
			children = (
				F535F94B22170DF300594EA9 /* ProfileViewController.swift */,
				F535F94F22173AE900594EA9 /* AddMemberToPartyTableViewController.swift */,
			);
			path = Member;
			sourceTree = "<group>";
		};
		F535F9512217483500594EA9 /* PartyTableViewCell */ = {
			isa = PBXGroup;
			children = (
				F535F9522217486800594EA9 /* PartyTableViewCell.swift */,
				F535F9532217486800594EA9 /* PartyTableViewCell.xib */,
			);
			path = PartyTableViewCell;
			sourceTree = "<group>";
		};
		F535F9582217717800594EA9 /* Party */ = {
			isa = PBXGroup;
			children = (
				F535F959221779CE00594EA9 /* PartyTableViewController.swift */,
				F535F95F22177CFB00594EA9 /* PartyInfoTableViewCell */,
				F52666D122179475007FDE7E /* PartyMembersTableViewCell */,
				F52666D622179660007FDE7E /* PartyDescriptionTableViewCell */,
			);
			path = Party;
			sourceTree = "<group>";
		};
		F535F95F22177CFB00594EA9 /* PartyInfoTableViewCell */ = {
			isa = PBXGroup;
			children = (
				F535F95B22177CF700594EA9 /* PartyInfoTableViewCell.swift */,
				F535F95C22177CF700594EA9 /* PartyInfoTableViewCell.xib */,
			);
			path = PartyInfoTableViewCell;
			sourceTree = "<group>";
		};
		F535F96022178D4800594EA9 /* CustomClasses */ = {
			isa = PBXGroup;
			children = (
				F535F96122178D6500594EA9 /* POTableViewController.swift */,
			);
			path = CustomClasses;
			sourceTree = "<group>";
		};
		F56803EB22160DA400CA3A1B /* Utilities */ = {
			isa = PBXGroup;
			children = (
				F52666E02217A365007FDE7E /* Protocols */,
				F535F96022178D4800594EA9 /* CustomClasses */,
				F56E8FC622163E700008ED75 /* Extensions */,
				F56803EF22160E9300CA3A1B /* CustomTypes */,
				F56804072216147300CA3A1B /* Managers */,
			);
			path = Utilities;
			sourceTree = "<group>";
		};
		F56803EC22160DAE00CA3A1B /* NetworkManager */ = {
			isa = PBXGroup;
			children = (
				F56803ED22160DC400CA3A1B /* NetworkManager.swift */,
			);
			path = NetworkManager;
			sourceTree = "<group>";
		};
		F56803EF22160E9300CA3A1B /* CustomTypes */ = {
			isa = PBXGroup;
			children = (
				F56803F022160EA400CA3A1B /* CustomTypes.swift */,
			);
			path = CustomTypes;
			sourceTree = "<group>";
		};
		F56803F222160F4700CA3A1B /* ViewModel */ = {
			isa = PBXGroup;
			children = (
				F56803F322160F5C00CA3A1B /* MembersViewModel.swift */,
				F535F94D221710FB00594EA9 /* MemberViewModel.swift */,
				F535F95622176B5400594EA9 /* PartiesViewModel.swift */,
			);
			path = ViewModel;
			sourceTree = "<group>";
		};
		F56803F522160F6800CA3A1B /* Entities */ = {
			isa = PBXGroup;
			children = (
				F56803F622160F7800CA3A1B /* Member.swift */,
				F56803F822160F8000CA3A1B /* Party.swift */,
			);
			path = Entities;
			sourceTree = "<group>";
		};
		F56803FC221610FB00CA3A1B /* DataManager */ = {
			isa = PBXGroup;
			children = (
				F56803FD2216110600CA3A1B /* BackendManager */,
			);
			path = DataManager;
			sourceTree = "<group>";
		};
		F56803FD2216110600CA3A1B /* BackendManager */ = {
			isa = PBXGroup;
			children = (
				F56803FE2216111A00CA3A1B /* BackendManager.swift */,
			);
			path = BackendManager;
			sourceTree = "<group>";
		};
		F56804062216146B00CA3A1B /* CoreDataManager */ = {
			isa = PBXGroup;
			children = (
				F56804082216148300CA3A1B /* CoreDataManager.swift */,
			);
			path = CoreDataManager;
			sourceTree = "<group>";
		};
		F56804072216147300CA3A1B /* Managers */ = {
			isa = PBXGroup;
			children = (
				F56804062216146B00CA3A1B /* CoreDataManager */,
				F56803EC22160DAE00CA3A1B /* NetworkManager */,
			);
			path = Managers;
			sourceTree = "<group>";
		};
		F56E8FC622163E700008ED75 /* Extensions */ = {
			isa = PBXGroup;
			children = (
				F56E8FC722163E810008ED75 /* UITableView+Extension.swift */,
				F56E8FC922163E990008ED75 /* UIView+Extension.swift */,
				F535F9472217078E00594EA9 /* UIImageView+Extension.swift */,
				F535F96522178E6D00594EA9 /* UIViewController+Extension.swift */,
			);
			path = Extensions;
			sourceTree = "<group>";
		};
		F56E8FCF22163FB10008ED75 /* MemberTableViewCell */ = {
			isa = PBXGroup;
			children = (
				F56E8FCB22163FAD0008ED75 /* MemberTableViewCell.swift */,
				F56E8FCC22163FAD0008ED75 /* MemberTableViewCell.xib */,
			);
			path = MemberTableViewCell;
			sourceTree = "<group>";
		};
		F56E8FD022163FCA0008ED75 /* Members */ = {
			isa = PBXGroup;
			children = (
				F56E8FC422163D6C0008ED75 /* MembersTableViewController.swift */,
				F56E8FCF22163FB10008ED75 /* MemberTableViewCell */,
			);
			path = Members;
			sourceTree = "<group>";
		};
		F56E8FD122163FD70008ED75 /* Parties */ = {
			isa = PBXGroup;
			children = (
				F56E8FC222163CBC0008ED75 /* PartiesTableViewController.swift */,
				F535F9512217483500594EA9 /* PartyTableViewCell */,
			);
			path = Parties;
			sourceTree = "<group>";
		};
/* End PBXGroup section */

/* Begin PBXNativeTarget section */
		F515541C2215F4F300515928 /* Party Organizer */ = {
			isa = PBXNativeTarget;
			buildConfigurationList = F51554322215F4F600515928 /* Build configuration list for PBXNativeTarget "Party Organizer" */;
			buildPhases = (
				11DBE2683399BD37D55EA4F2 /* [CP] Check Pods Manifest.lock */,
				F51554192215F4F300515928 /* Sources */,
				F515541A2215F4F300515928 /* Frameworks */,
				F515541B2215F4F300515928 /* Resources */,
				0E8B18EB0AF271DE022ECDCA /* [CP] Embed Pods Frameworks */,
			);
			buildRules = (
			);
			dependencies = (
			);
			name = "Party Organizer";
			productName = "Party Organizer";
			productReference = F515541D2215F4F300515928 /* Party Organizer.app */;
			productType = "com.apple.product-type.application";
		};
/* End PBXNativeTarget section */

/* Begin PBXProject section */
		F51554152215F4F300515928 /* Project object */ = {
			isa = PBXProject;
			attributes = {
				LastSwiftUpdateCheck = 1010;
				LastUpgradeCheck = 1010;
				ORGANIZATIONNAME = "Vladimir Dinic";
				TargetAttributes = {
					F515541C2215F4F300515928 = {
						CreatedOnToolsVersion = 10.1;
					};
				};
			};
			buildConfigurationList = F51554182215F4F300515928 /* Build configuration list for PBXProject "Party Organizer" */;
			compatibilityVersion = "Xcode 9.3";
			developmentRegion = en;
			hasScannedForEncodings = 0;
			knownRegions = (
				en,
				Base,
			);
			mainGroup = F51554142215F4F300515928;
			productRefGroup = F515541E2215F4F300515928 /* Products */;
			projectDirPath = "";
			projectRoot = "";
			targets = (
				F515541C2215F4F300515928 /* Party Organizer */,
			);
		};
/* End PBXProject section */

/* Begin PBXResourcesBuildPhase section */
		F515541B2215F4F300515928 /* Resources */ = {
			isa = PBXResourcesBuildPhase;
			buildActionMask = 2147483647;
			files = (
				F52666D022179472007FDE7E /* PartyMembersTableViewCell.xib in Resources */,
				F51554442216090300515928 /* LaunchScreen.storyboard in Resources */,
				F535F9552217486800594EA9 /* PartyTableViewCell.xib in Resources */,
				F52666D52217960B007FDE7E /* PartyDescriptionTableViewCell.xib in Resources */,
				F51554452216090300515928 /* Main.storyboard in Resources */,
				F51554482216090300515928 /* Assets.xcassets in Resources */,
				F535F95E22177CF700594EA9 /* PartyInfoTableViewCell.xib in Resources */,
				F56E8FCE22163FAD0008ED75 /* MemberTableViewCell.xib in Resources */,
			);
			runOnlyForDeploymentPostprocessing = 0;
		};
/* End PBXResourcesBuildPhase section */

/* Begin PBXShellScriptBuildPhase section */
		0E8B18EB0AF271DE022ECDCA /* [CP] Embed Pods Frameworks */ = {
			isa = PBXShellScriptBuildPhase;
			buildActionMask = 2147483647;
			files = (
			);
			inputFileListPaths = (
			);
			inputPaths = (
				"${PODS_ROOT}/Target Support Files/Pods-Party Organizer/Pods-Party Organizer-frameworks.sh",
				"${BUILT_PRODUCTS_DIR}/AERecord/AERecord.framework",
				"${BUILT_PRODUCTS_DIR}/Alamofire/Alamofire.framework",
				"${BUILT_PRODUCTS_DIR}/Device/Device.framework",
				"${BUILT_PRODUCTS_DIR}/KMPlaceholderTextView/KMPlaceholderTextView.framework",
				"${BUILT_PRODUCTS_DIR}/Kingfisher/Kingfisher.framework",
				"${BUILT_PRODUCTS_DIR}/PromiseKit/PromiseKit.framework",
				"${BUILT_PRODUCTS_DIR}/RxAtomic/RxAtomic.framework",
				"${BUILT_PRODUCTS_DIR}/RxCocoa/RxCocoa.framework",
				"${BUILT_PRODUCTS_DIR}/RxSwift/RxSwift.framework",
			);
			name = "[CP] Embed Pods Frameworks";
			outputFileListPaths = (
			);
			outputPaths = (
				"${TARGET_BUILD_DIR}/${FRAMEWORKS_FOLDER_PATH}/AERecord.framework",
				"${TARGET_BUILD_DIR}/${FRAMEWORKS_FOLDER_PATH}/Alamofire.framework",
				"${TARGET_BUILD_DIR}/${FRAMEWORKS_FOLDER_PATH}/Device.framework",
				"${TARGET_BUILD_DIR}/${FRAMEWORKS_FOLDER_PATH}/KMPlaceholderTextView.framework",
				"${TARGET_BUILD_DIR}/${FRAMEWORKS_FOLDER_PATH}/Kingfisher.framework",
				"${TARGET_BUILD_DIR}/${FRAMEWORKS_FOLDER_PATH}/PromiseKit.framework",
				"${TARGET_BUILD_DIR}/${FRAMEWORKS_FOLDER_PATH}/RxAtomic.framework",
				"${TARGET_BUILD_DIR}/${FRAMEWORKS_FOLDER_PATH}/RxCocoa.framework",
				"${TARGET_BUILD_DIR}/${FRAMEWORKS_FOLDER_PATH}/RxSwift.framework",
			);
			runOnlyForDeploymentPostprocessing = 0;
			shellPath = /bin/sh;
			shellScript = "\"${PODS_ROOT}/Target Support Files/Pods-Party Organizer/Pods-Party Organizer-frameworks.sh\"\n";
			showEnvVarsInLog = 0;
		};
		11DBE2683399BD37D55EA4F2 /* [CP] Check Pods Manifest.lock */ = {
			isa = PBXShellScriptBuildPhase;
			buildActionMask = 2147483647;
			files = (
			);
			inputFileListPaths = (
			);
			inputPaths = (
				"${PODS_PODFILE_DIR_PATH}/Podfile.lock",
				"${PODS_ROOT}/Manifest.lock",
			);
			name = "[CP] Check Pods Manifest.lock";
			outputFileListPaths = (
			);
			outputPaths = (
				"$(DERIVED_FILE_DIR)/Pods-Party Organizer-checkManifestLockResult.txt",
			);
			runOnlyForDeploymentPostprocessing = 0;
			shellPath = /bin/sh;
			shellScript = "diff \"${PODS_PODFILE_DIR_PATH}/Podfile.lock\" \"${PODS_ROOT}/Manifest.lock\" > /dev/null\nif [ $? != 0 ] ; then\n    # print error to STDERR\n    echo \"error: The sandbox is not in sync with the Podfile.lock. Run 'pod install' or update your CocoaPods installation.\" >&2\n    exit 1\nfi\n# This output is used by Xcode 'outputs' to avoid re-running this script phase.\necho \"SUCCESS\" > \"${SCRIPT_OUTPUT_FILE_0}\"\n";
			showEnvVarsInLog = 0;
		};
/* End PBXShellScriptBuildPhase section */

/* Begin PBXSourcesBuildPhase section */
		F51554192215F4F300515928 /* Sources */ = {
			isa = PBXSourcesBuildPhase;
			buildActionMask = 2147483647;
			files = (
				F56803EE22160DC400CA3A1B /* NetworkManager.swift in Sources */,
				F56803F722160F7800CA3A1B /* Member.swift in Sources */,
				F56803F422160F5C00CA3A1B /* MembersViewModel.swift in Sources */,
				F56803F922160F8000CA3A1B /* Party.swift in Sources */,
				F51554462216090300515928 /* AppDelegate.swift in Sources */,
				F535F95D22177CF700594EA9 /* PartyInfoTableViewCell.swift in Sources */,
				F535F95722176B5400594EA9 /* PartiesViewModel.swift in Sources */,
				F56804092216148300CA3A1B /* CoreDataManager.swift in Sources */,
				F56E8FC322163CBC0008ED75 /* PartiesTableViewController.swift in Sources */,
				F52666D42217960B007FDE7E /* PartyDescriptionTableViewCell.swift in Sources */,
				F535F94C22170DF300594EA9 /* ProfileViewController.swift in Sources */,
				F535F94E221710FB00594EA9 /* MemberViewModel.swift in Sources */,
				F51554432216090300515928 /* Party_Organizer.xcdatamodeld in Sources */,
				F56E8FCA22163E990008ED75 /* UIView+Extension.swift in Sources */,
				F535F96622178E6D00594EA9 /* UIViewController+Extension.swift in Sources */,
				F535F95A221779CE00594EA9 /* PartyTableViewController.swift in Sources */,
				F535F95022173AE900594EA9 /* AddMemberToPartyTableViewController.swift in Sources */,
				F56803FF2216111A00CA3A1B /* BackendManager.swift in Sources */,
				F535F9482217078E00594EA9 /* UIImageView+Extension.swift in Sources */,
				F52666CF22179472007FDE7E /* PartyMembersTableViewCell.swift in Sources */,
				F535F9542217486800594EA9 /* PartyTableViewCell.swift in Sources */,
				F52666E22217A373007FDE7E /* TextEditingProtocol.swift in Sources */,
				F56E8FCD22163FAD0008ED75 /* MemberTableViewCell.swift in Sources */,
				F56E8FC522163D6C0008ED75 /* MembersTableViewController.swift in Sources */,
				F535F96222178D6500594EA9 /* POTableViewController.swift in Sources */,
				F56803FB221610B800CA3A1B /* Server.swift in Sources */,
				F56803F122160EA400CA3A1B /* CustomTypes.swift in Sources */,
				F56E8FC822163E810008ED75 /* UITableView+Extension.swift in Sources */,
			);
			runOnlyForDeploymentPostprocessing = 0;
		};
/* End PBXSourcesBuildPhase section */

/* Begin XCBuildConfiguration section */
		F51554302215F4F600515928 /* Debug */ = {
			isa = XCBuildConfiguration;
			buildSettings = {
				ALWAYS_SEARCH_USER_PATHS = NO;
				CLANG_ANALYZER_NONNULL = YES;
				CLANG_ANALYZER_NUMBER_OBJECT_CONVERSION = YES_AGGRESSIVE;
				CLANG_CXX_LANGUAGE_STANDARD = "gnu++14";
				CLANG_CXX_LIBRARY = "libc++";
				CLANG_ENABLE_MODULES = YES;
				CLANG_ENABLE_OBJC_ARC = YES;
				CLANG_ENABLE_OBJC_WEAK = YES;
				CLANG_WARN_BLOCK_CAPTURE_AUTORELEASING = YES;
				CLANG_WARN_BOOL_CONVERSION = YES;
				CLANG_WARN_COMMA = YES;
				CLANG_WARN_CONSTANT_CONVERSION = YES;
				CLANG_WARN_DEPRECATED_OBJC_IMPLEMENTATIONS = YES;
				CLANG_WARN_DIRECT_OBJC_ISA_USAGE = YES_ERROR;
				CLANG_WARN_DOCUMENTATION_COMMENTS = YES;
				CLANG_WARN_EMPTY_BODY = YES;
				CLANG_WARN_ENUM_CONVERSION = YES;
				CLANG_WARN_INFINITE_RECURSION = YES;
				CLANG_WARN_INT_CONVERSION = YES;
				CLANG_WARN_NON_LITERAL_NULL_CONVERSION = YES;
				CLANG_WARN_OBJC_IMPLICIT_RETAIN_SELF = YES;
				CLANG_WARN_OBJC_LITERAL_CONVERSION = YES;
				CLANG_WARN_OBJC_ROOT_CLASS = YES_ERROR;
				CLANG_WARN_RANGE_LOOP_ANALYSIS = YES;
				CLANG_WARN_STRICT_PROTOTYPES = YES;
				CLANG_WARN_SUSPICIOUS_MOVE = YES;
				CLANG_WARN_UNGUARDED_AVAILABILITY = YES_AGGRESSIVE;
				CLANG_WARN_UNREACHABLE_CODE = YES;
				CLANG_WARN__DUPLICATE_METHOD_MATCH = YES;
				CODE_SIGN_IDENTITY = "iPhone Developer";
				COPY_PHASE_STRIP = NO;
				DEBUG_INFORMATION_FORMAT = dwarf;
				ENABLE_STRICT_OBJC_MSGSEND = YES;
				ENABLE_TESTABILITY = YES;
				GCC_C_LANGUAGE_STANDARD = gnu11;
				GCC_DYNAMIC_NO_PIC = NO;
				GCC_NO_COMMON_BLOCKS = YES;
				GCC_OPTIMIZATION_LEVEL = 0;
				GCC_PREPROCESSOR_DEFINITIONS = (
					"DEBUG=1",
					"$(inherited)",
				);
				GCC_WARN_64_TO_32_BIT_CONVERSION = YES;
				GCC_WARN_ABOUT_RETURN_TYPE = YES_ERROR;
				GCC_WARN_UNDECLARED_SELECTOR = YES;
				GCC_WARN_UNINITIALIZED_AUTOS = YES_AGGRESSIVE;
				GCC_WARN_UNUSED_FUNCTION = YES;
				GCC_WARN_UNUSED_VARIABLE = YES;
				IPHONEOS_DEPLOYMENT_TARGET = 10.0;
				MTL_ENABLE_DEBUG_INFO = INCLUDE_SOURCE;
				MTL_FAST_MATH = YES;
				ONLY_ACTIVE_ARCH = YES;
				SDKROOT = iphoneos;
				SWIFT_ACTIVE_COMPILATION_CONDITIONS = DEBUG;
				SWIFT_OPTIMIZATION_LEVEL = "-Onone";
			};
			name = Debug;
		};
		F51554312215F4F600515928 /* Release */ = {
			isa = XCBuildConfiguration;
			buildSettings = {
				ALWAYS_SEARCH_USER_PATHS = NO;
				CLANG_ANALYZER_NONNULL = YES;
				CLANG_ANALYZER_NUMBER_OBJECT_CONVERSION = YES_AGGRESSIVE;
				CLANG_CXX_LANGUAGE_STANDARD = "gnu++14";
				CLANG_CXX_LIBRARY = "libc++";
				CLANG_ENABLE_MODULES = YES;
				CLANG_ENABLE_OBJC_ARC = YES;
				CLANG_ENABLE_OBJC_WEAK = YES;
				CLANG_WARN_BLOCK_CAPTURE_AUTORELEASING = YES;
				CLANG_WARN_BOOL_CONVERSION = YES;
				CLANG_WARN_COMMA = YES;
				CLANG_WARN_CONSTANT_CONVERSION = YES;
				CLANG_WARN_DEPRECATED_OBJC_IMPLEMENTATIONS = YES;
				CLANG_WARN_DIRECT_OBJC_ISA_USAGE = YES_ERROR;
				CLANG_WARN_DOCUMENTATION_COMMENTS = YES;
				CLANG_WARN_EMPTY_BODY = YES;
				CLANG_WARN_ENUM_CONVERSION = YES;
				CLANG_WARN_INFINITE_RECURSION = YES;
				CLANG_WARN_INT_CONVERSION = YES;
				CLANG_WARN_NON_LITERAL_NULL_CONVERSION = YES;
				CLANG_WARN_OBJC_IMPLICIT_RETAIN_SELF = YES;
				CLANG_WARN_OBJC_LITERAL_CONVERSION = YES;
				CLANG_WARN_OBJC_ROOT_CLASS = YES_ERROR;
				CLANG_WARN_RANGE_LOOP_ANALYSIS = YES;
				CLANG_WARN_STRICT_PROTOTYPES = YES;
				CLANG_WARN_SUSPICIOUS_MOVE = YES;
				CLANG_WARN_UNGUARDED_AVAILABILITY = YES_AGGRESSIVE;
				CLANG_WARN_UNREACHABLE_CODE = YES;
				CLANG_WARN__DUPLICATE_METHOD_MATCH = YES;
				CODE_SIGN_IDENTITY = "iPhone Developer";
				COPY_PHASE_STRIP = NO;
				DEBUG_INFORMATION_FORMAT = "dwarf-with-dsym";
				ENABLE_NS_ASSERTIONS = NO;
				ENABLE_STRICT_OBJC_MSGSEND = YES;
				GCC_C_LANGUAGE_STANDARD = gnu11;
				GCC_NO_COMMON_BLOCKS = YES;
				GCC_WARN_64_TO_32_BIT_CONVERSION = YES;
				GCC_WARN_ABOUT_RETURN_TYPE = YES_ERROR;
				GCC_WARN_UNDECLARED_SELECTOR = YES;
				GCC_WARN_UNINITIALIZED_AUTOS = YES_AGGRESSIVE;
				GCC_WARN_UNUSED_FUNCTION = YES;
				GCC_WARN_UNUSED_VARIABLE = YES;
				IPHONEOS_DEPLOYMENT_TARGET = 10.0;
				MTL_ENABLE_DEBUG_INFO = NO;
				MTL_FAST_MATH = YES;
				SDKROOT = iphoneos;
				SWIFT_COMPILATION_MODE = wholemodule;
				SWIFT_OPTIMIZATION_LEVEL = "-O";
				VALIDATE_PRODUCT = YES;
			};
			name = Release;
		};
		F51554332215F4F600515928 /* Debug */ = {
			isa = XCBuildConfiguration;
			baseConfigurationReference = 12BA55A3A5A17052520BD795 /* Pods-Party Organizer.debug.xcconfig */;
			buildSettings = {
				ASSETCATALOG_COMPILER_APPICON_NAME = AppIcon;
				CODE_SIGN_STYLE = Automatic;
				DEVELOPMENT_TEAM = 3CCXG2UGPS;
				INFOPLIST_FILE = "$(SRCROOT)/Party Organizer/Config/Info.plist";
				LD_RUNPATH_SEARCH_PATHS = (
					"$(inherited)",
					"@executable_path/Frameworks",
				);
				PRODUCT_BUNDLE_IDENTIFIER = com.vladimirdinic.PartyOrganizer;
				PRODUCT_NAME = "$(TARGET_NAME)";
				SWIFT_VERSION = 4.2;
				TARGETED_DEVICE_FAMILY = "1,2";
			};
			name = Debug;
		};
		F51554342215F4F600515928 /* Release */ = {
			isa = XCBuildConfiguration;
			baseConfigurationReference = 431E3CE7D17942BA63D626ED /* Pods-Party Organizer.release.xcconfig */;
			buildSettings = {
				ASSETCATALOG_COMPILER_APPICON_NAME = AppIcon;
				CODE_SIGN_STYLE = Automatic;
				DEVELOPMENT_TEAM = 3CCXG2UGPS;
				INFOPLIST_FILE = "$(SRCROOT)/Party Organizer/Config/Info.plist";
				LD_RUNPATH_SEARCH_PATHS = (
					"$(inherited)",
					"@executable_path/Frameworks",
				);
				PRODUCT_BUNDLE_IDENTIFIER = com.vladimirdinic.PartyOrganizer;
				PRODUCT_NAME = "$(TARGET_NAME)";
				SWIFT_VERSION = 4.2;
				TARGETED_DEVICE_FAMILY = "1,2";
			};
			name = Release;
		};
/* End XCBuildConfiguration section */

/* Begin XCConfigurationList section */
		F51554182215F4F300515928 /* Build configuration list for PBXProject "Party Organizer" */ = {
			isa = XCConfigurationList;
			buildConfigurations = (
				F51554302215F4F600515928 /* Debug */,
				F51554312215F4F600515928 /* Release */,
			);
			defaultConfigurationIsVisible = 0;
			defaultConfigurationName = Release;
		};
		F51554322215F4F600515928 /* Build configuration list for PBXNativeTarget "Party Organizer" */ = {
			isa = XCConfigurationList;
			buildConfigurations = (
				F51554332215F4F600515928 /* Debug */,
				F51554342215F4F600515928 /* Release */,
			);
			defaultConfigurationIsVisible = 0;
			defaultConfigurationName = Release;
		};
/* End XCConfigurationList section */

/* Begin XCVersionGroup section */
		F51554382216090300515928 /* Party_Organizer.xcdatamodeld */ = {
			isa = XCVersionGroup;
			children = (
				F51554392216090300515928 /* Party_Organizer.xcdatamodel */,
			);
			currentVersion = F51554392216090300515928 /* Party_Organizer.xcdatamodel */;
			path = Party_Organizer.xcdatamodeld;
			sourceTree = "<group>";
			versionGroupType = wrapper.xcdatamodel;
		};
/* End XCVersionGroup section */
	};
	rootObject = F51554152215F4F300515928 /* Project object */;
}
